
Microsoft Visual Studio Solution File, Format Version 12.00
# Visual Studio Version 17
VisualStudioVersion = 17.3.32901.215
MinimumVisualStudioVersion = 10.0.40219.1
Project("{9A19103F-16F7-4668-BE54-9A1E7A4F7556}") = "CookEat.Api", "CookEat.Api\CookEat.Api.csproj", "{1730A62C-2009-4F9D-AA6D-C403ACBD2AE0}"
EndProject
Project("{FAE04EC0-301F-11D3-BF4B-00C04F79EFBC}") = "CookEat.Data", "CookEat.Data\CookEat.Data.csproj", "{4EBF7134-06A4-443E-A4F9-6BCB4ADCADA3}"
EndProject
Global
	GlobalSection(SolutionConfigurationPlatforms) = preSolution
		Debug|Any CPU = Debug|Any CPU
		Release|Any CPU = Release|Any CPU
	EndGlobalSection
	GlobalSection(ProjectConfigurationPlatforms) = postSolution
		{1730A62C-2009-4F9D-AA6D-C403ACBD2AE0}.Debug|Any CPU.ActiveCfg = Debug|Any CPU
		{1730A62C-2009-4F9D-AA6D-C403ACBD2AE0}.Debug|Any CPU.Build.0 = Debug|Any CPU
		{1730A62C-2009-4F9D-AA6D-C403ACBD2AE0}.Release|Any CPU.ActiveCfg = Release|Any CPU
		{1730A62C-2009-4F9D-AA6D-C403ACBD2AE0}.Release|Any CPU.Build.0 = Release|Any CPU
		{4EBF7134-06A4-443E-A4F9-6BCB4ADCADA3}.Debug|Any CPU.ActiveCfg = Debug|Any CPU
		{4EBF7134-06A4-443E-A4F9-6BCB4ADCADA3}.Debug|Any CPU.Build.0 = Debug|Any CPU
		{4EBF7134-06A4-443E-A4F9-6BCB4ADCADA3}.Release|Any CPU.ActiveCfg = Release|Any CPU
		{4EBF7134-06A4-443E-A4F9-6BCB4ADCADA3}.Release|Any CPU.Build.0 = Release|Any CPU
	EndGlobalSection
	GlobalSection(SolutionProperties) = preSolution
		HideSolutionNode = FALSE
	EndGlobalSection
	GlobalSection(ExtensibilityGlobals) = postSolution
		SolutionGuid = {E4B89BF8-B3A1-4F14-ADF9-FFC2E7CBA21B}
	EndGlobalSection
EndGlobal
